
Microsoft Visual Studio Solution File, Format Version 12.00
# Visual Studio 15
VisualStudioVersion = 15.0.25807.0
MinimumVisualStudioVersion = 10.0.40219.1
Project("{2150E333-8FDC-42A3-9474-1A3956D46DE8}") = "Engine", "Engine", "{D0E42934-169F-45FD-A743-2B3D02B9B65C}"
EndProject
Project("{2150E333-8FDC-42A3-9474-1A3956D46DE8}") = "Games", "Games", "{71A334ED-6162-4901-A588-031F98354D0C}"
EndProject
Project("{8BC9CEB8-8B4A-11D0-8D11-00A0C91BC942}") = "UE4", "Intermediate\ProjectFiles\UE4.vcxproj", "{A10D69C9-4902-47B7-A1BB-368CF43B68A8}"
EndProject
Project("{8BC9CEB8-8B4A-11D0-8D11-00A0C91BC942}") = "Mainpj1011", "Intermediate\ProjectFiles\Mainpj1011.vcxproj", "{8946916B-A7A1-4DCE-B50A-F90C559449BF}"
EndProject
Project("{2150E333-8FDC-42A3-9474-1A3956D46DE8}") = "Visualizers", "Visualizers", "{B37A79B9-9D43-45A8-A1DA-F315987A5893}"
	ProjectSection(SolutionItems) = preProject
		..\..\Epicgames\UE_4.22\Engine\Extras\VisualStudioDebugging\UE4.natvis = ..\..\Epicgames\UE_4.22\Engine\Extras\VisualStudioDebugging\UE4.natvis
	EndProjectSection
EndProject
Global
	GlobalSection(SolutionConfigurationPlatforms) = preSolution
		DebugGame Editor|HTML5 = DebugGame Editor|HTML5
		DebugGame Editor|IOS = DebugGame Editor|IOS
		DebugGame Editor|Win32 = DebugGame Editor|Win32
		DebugGame Editor|Win64 = DebugGame Editor|Win64
		DebugGame|HTML5 = DebugGame|HTML5
		DebugGame|IOS = DebugGame|IOS
		DebugGame|Win32 = DebugGame|Win32
		DebugGame|Win64 = DebugGame|Win64
		Development Editor|HTML5 = Development Editor|HTML5
		Development Editor|IOS = Development Editor|IOS
		Development Editor|Win32 = Development Editor|Win32
		Development Editor|Win64 = Development Editor|Win64
		Development|HTML5 = Development|HTML5
		Development|IOS = Development|IOS
		Development|Win32 = Development|Win32
		Development|Win64 = Development|Win64
		Shipping|HTML5 = Shipping|HTML5
		Shipping|IOS = Shipping|IOS
		Shipping|Win32 = Shipping|Win32
		Shipping|Win64 = Shipping|Win64
	EndGlobalSection
	GlobalSection(ProjectConfigurationPlatforms) = postSolution
		{A10D69C9-4902-47B7-A1BB-368CF43B68A8}.DebugGame Editor|HTML5.ActiveCfg = BuiltWithUnrealBuildTool|Win32
		{A10D69C9-4902-47B7-A1BB-368CF43B68A8}.DebugGame Editor|IOS.ActiveCfg = BuiltWithUnrealBuildTool|Win32
		{A10D69C9-4902-47B7-A1BB-368CF43B68A8}.DebugGame Editor|Win32.ActiveCfg = BuiltWithUnrealBuildTool|Win32
		{A10D69C9-4902-47B7-A1BB-368CF43B68A8}.DebugGame Editor|Win64.ActiveCfg = BuiltWithUnrealBuildTool|Win32
		{A10D69C9-4902-47B7-A1BB-368CF43B68A8}.DebugGame|HTML5.ActiveCfg = BuiltWithUnrealBuildTool|Win32
		{A10D69C9-4902-47B7-A1BB-368CF43B68A8}.DebugGame|IOS.ActiveCfg = BuiltWithUnrealBuildTool|Win32
		{A10D69C9-4902-47B7-A1BB-368CF43B68A8}.DebugGame|Win32.ActiveCfg = BuiltWithUnrealBuildTool|Win32
		{A10D69C9-4902-47B7-A1BB-368CF43B68A8}.DebugGame|Win64.ActiveCfg = BuiltWithUnrealBuildTool|Win32
		{A10D69C9-4902-47B7-A1BB-368CF43B68A8}.Development Editor|HTML5.ActiveCfg = BuiltWithUnrealBuildTool|Win32
		{A10D69C9-4902-47B7-A1BB-368CF43B68A8}.Development Editor|IOS.ActiveCfg = BuiltWithUnrealBuildTool|Win32
		{A10D69C9-4902-47B7-A1BB-368CF43B68A8}.Development Editor|Win32.ActiveCfg = BuiltWithUnrealBuildTool|Win32
		{A10D69C9-4902-47B7-A1BB-368CF43B68A8}.Development Editor|Win64.ActiveCfg = BuiltWithUnrealBuildTool|Win32
		{A10D69C9-4902-47B7-A1BB-368CF43B68A8}.Development|HTML5.ActiveCfg = BuiltWithUnrealBuildTool|Win32
		{A10D69C9-4902-47B7-A1BB-368CF43B68A8}.Development|IOS.ActiveCfg = BuiltWithUnrealBuildTool|Win32
		{A10D69C9-4902-47B7-A1BB-368CF43B68A8}.Development|Win32.ActiveCfg = BuiltWithUnrealBuildTool|Win32
		{A10D69C9-4902-47B7-A1BB-368CF43B68A8}.Development|Win64.ActiveCfg = BuiltWithUnrealBuildTool|Win32
		{A10D69C9-4902-47B7-A1BB-368CF43B68A8}.Shipping|HTML5.ActiveCfg = BuiltWithUnrealBuildTool|Win32
		{A10D69C9-4902-47B7-A1BB-368CF43B68A8}.Shipping|IOS.ActiveCfg = BuiltWithUnrealBuildTool|Win32
		{A10D69C9-4902-47B7-A1BB-368CF43B68A8}.Shipping|Win32.ActiveCfg = BuiltWithUnrealBuildTool|Win32
		{A10D69C9-4902-47B7-A1BB-368CF43B68A8}.Shipping|Win64.ActiveCfg = BuiltWithUnrealBuildTool|Win32
		{8946916B-A7A1-4DCE-B50A-F90C559449BF}.DebugGame Editor|HTML5.ActiveCfg = Invalid|Win32
		{8946916B-A7A1-4DCE-B50A-F90C559449BF}.DebugGame Editor|IOS.ActiveCfg = Invalid|Win32
		{8946916B-A7A1-4DCE-B50A-F90C559449BF}.DebugGame Editor|Win32.ActiveCfg = Invalid|Win32
		{8946916B-A7A1-4DCE-B50A-F90C559449BF}.DebugGame Editor|Win64.ActiveCfg = DebugGame_Editor|x64
		{8946916B-A7A1-4DCE-B50A-F90C559449BF}.DebugGame Editor|Win64.Build.0 = DebugGame_Editor|x64
		{8946916B-A7A1-4DCE-B50A-F90C559449BF}.DebugGame|HTML5.ActiveCfg = HTML5_DebugGame|Win32
		{8946916B-A7A1-4DCE-B50A-F90C559449BF}.DebugGame|HTML5.Build.0 = HTML5_DebugGame|Win32
		{8946916B-A7A1-4DCE-B50A-F90C559449BF}.DebugGame|IOS.ActiveCfg = IOS_DebugGame|Win32
		{8946916B-A7A1-4DCE-B50A-F90C559449BF}.DebugGame|IOS.Build.0 = IOS_DebugGame|Win32
		{8946916B-A7A1-4DCE-B50A-F90C559449BF}.DebugGame|Win32.ActiveCfg = DebugGame|Win32
		{8946916B-A7A1-4DCE-B50A-F90C559449BF}.DebugGame|Win32.Build.0 = DebugGame|Win32
		{8946916B-A7A1-4DCE-B50A-F90C559449BF}.DebugGame|Win64.ActiveCfg = DebugGame|x64
		{8946916B-A7A1-4DCE-B50A-F90C559449BF}.DebugGame|Win64.Build.0 = DebugGame|x64
		{8946916B-A7A1-4DCE-B50A-F90C559449BF}.Development Editor|HTML5.ActiveCfg = Invalid|Win32
		{8946916B-A7A1-4DCE-B50A-F90C559449BF}.Development Editor|IOS.ActiveCfg = Invalid|Win32
		{8946916B-A7A1-4DCE-B50A-F90C559449BF}.Development Editor|Win32.ActiveCfg = Invalid|Win32
		{8946916B-A7A1-4DCE-B50A-F90C559449BF}.Development Editor|Win64.ActiveCfg = Development_Editor|x64
		{8946916B-A7A1-4DCE-B50A-F90C559449BF}.Development Editor|Win64.Build.0 = Development_Editor|x64
		{8946916B-A7A1-4DCE-B50A-F90C559449BF}.Development|HTML5.ActiveCfg = HTML5_Development|Win32
		{8946916B-A7A1-4DCE-B50A-F90C559449BF}.Development|HTML5.Build.0 = HTML5_Development|Win32
		{8946916B-A7A1-4DCE-B50A-F90C559449BF}.Development|IOS.ActiveCfg = IOS_Development|Win32
		{8946916B-A7A1-4DCE-B50A-F90C559449BF}.Development|IOS.Build.0 = IOS_Development|Win32
		{8946916B-A7A1-4DCE-B50A-F90C559449BF}.Development|Win32.ActiveCfg = Development|Win32
		{8946916B-A7A1-4DCE-B50A-F90C559449BF}.Development|Win32.Build.0 = Development|Win32
		{8946916B-A7A1-4DCE-B50A-F90C559449BF}.Development|Win64.ActiveCfg = Development|x64
		{8946916B-A7A1-4DCE-B50A-F90C559449BF}.Development|Win64.Build.0 = Development|x64
		{8946916B-A7A1-4DCE-B50A-F90C559449BF}.Shipping|HTML5.ActiveCfg = HTML5_Shipping|Win32
		{8946916B-A7A1-4DCE-B50A-F90C559449BF}.Shipping|HTML5.Build.0 = HTML5_Shipping|Win32
		{8946916B-A7A1-4DCE-B50A-F90C559449BF}.Shipping|IOS.ActiveCfg = IOS_Shipping|Win32
		{8946916B-A7A1-4DCE-B50A-F90C559449BF}.Shipping|IOS.Build.0 = IOS_Shipping|Win32
		{8946916B-A7A1-4DCE-B50A-F90C559449BF}.Shipping|Win32.ActiveCfg = Shipping|Win32
		{8946916B-A7A1-4DCE-B50A-F90C559449BF}.Shipping|Win32.Build.0 = Shipping|Win32
		{8946916B-A7A1-4DCE-B50A-F90C559449BF}.Shipping|Win64.ActiveCfg = Shipping|x64
		{8946916B-A7A1-4DCE-B50A-F90C559449BF}.Shipping|Win64.Build.0 = Shipping|x64
	EndGlobalSection
	GlobalSection(SolutionProperties) = preSolution
		HideSolutionNode = FALSE
	EndGlobalSection
	GlobalSection(NestedProjects) = preSolution
		{A10D69C9-4902-47B7-A1BB-368CF43B68A8} = {D0E42934-169F-45FD-A743-2B3D02B9B65C}
		{8946916B-A7A1-4DCE-B50A-F90C559449BF} = {71A334ED-6162-4901-A588-031F98354D0C}
	EndGlobalSection
EndGlobal
